{
  "name": "mtn-mail",
  "version": "1.0.0",
  "lockfileVersion": 3,
  "requires": true,
  "packages": {
    "": {
      "name": "mtn-mail",
      "version": "1.0.0",
      "license": "ISC",
      "dependencies": {
        "@vant/weapp": "^1.11.7",
        "china-city-data": "^1.0.1"
      }
    },
    "node_modules/@vant/weapp": {
      "version": "1.11.7",
      "resolved": "https://registry.npmjs.org/@vant/weapp/-/weapp-1.11.7.tgz",
      "integrity": "sha512-Rwn9BBnb4kHSV4XmvBicwtd42J+amEUfnFDcXJsGNPNX4a9c/DoT6YLsm4X1wB2+sQbdiQsbFBLAvGRBxCkD8g==",
      "license": "MIT"
    },
    "node_modules/china-city-data": {
      "version": "1.0.1",
      "resolved": "https://registry.npmmirror.com/china-city-data/-/china-city-data-1.0.1.tgz",
      "integrity": "sha512-EYk5l5KWQf3JXoIjAjjtSVgM0x7IBsvvkgDk57HstcuowDZCbMjwu1W8h5Z13a4lrdka7B6t/Y3B5ylciCa2gg==",
      "license": "ISC"
    }
  }
}
